
Microsoft Visual Studio Solution File, Format Version 12.00
# Visual Studio 15
VisualStudioVersion = 15.0.27130.2003
MinimumVisualStudioVersion = 10.0.40219.1
Project("{FAE04EC0-301F-11D3-BF4B-00C04F79EFBC}") = "OLX", "OLX\OLX.csproj", "{74254E08-1F0E-4862-81C3-C4F3EBCDCC3B}"
EndProject
Global
	GlobalSection(SolutionConfigurationPlatforms) = preSolution
		Debug|Any CPU = Debug|Any CPU
		Release|Any CPU = Release|Any CPU
	EndGlobalSection
	GlobalSection(ProjectConfigurationPlatforms) = postSolution
		{74254E08-1F0E-4862-81C3-C4F3EBCDCC3B}.Debug|Any CPU.ActiveCfg = Debug|Any CPU
		{74254E08-1F0E-4862-81C3-C4F3EBCDCC3B}.Debug|Any CPU.Build.0 = Debug|Any CPU
		{74254E08-1F0E-4862-81C3-C4F3EBCDCC3B}.Release|Any CPU.ActiveCfg = Release|Any CPU
		{74254E08-1F0E-4862-81C3-C4F3EBCDCC3B}.Release|Any CPU.Build.0 = Release|Any CPU
	EndGlobalSection
	GlobalSection(SolutionProperties) = preSolution
		HideSolutionNode = FALSE
	EndGlobalSection
	GlobalSection(ExtensibilityGlobals) = postSolution
		SolutionGuid = {B974C021-C653-4AB4-9CC7-DEC11417B59A}
	EndGlobalSection
EndGlobal
